
Microsoft Visual Studio Solution File, Format Version 12.00
# Visual Studio 15
VisualStudioVersion = 15.0.28307.852
MinimumVisualStudioVersion = 10.0.40219.1
Project("{9A19103F-16F7-4668-BE54-9A1E7A4F7556}") = "DDona.Kiper.Domain", "DDona.Kiper.Domain\DDona.Kiper.Domain.csproj", "{1E6EC06C-5700-453D-88B9-8D6595BCDAD4}"
EndProject
Project("{9A19103F-16F7-4668-BE54-9A1E7A4F7556}") = "DDona.Kiper.Infra", "DDona.Kiper.Infra\DDona.Kiper.Infra.csproj", "{B7DA1275-F8E8-4D78-98CD-A8786908A5D0}"
EndProject
Project("{9A19103F-16F7-4668-BE54-9A1E7A4F7556}") = "DDona.Kiper.Service", "DDona.Kiper.Service\DDona.Kiper.Service.csproj", "{37996B03-7B37-4263-B7D3-8BF85D71B62F}"
EndProject
Project("{9A19103F-16F7-4668-BE54-9A1E7A4F7556}") = "DDona.Kiper.Utils", "DDona.Kiper.Utils\DDona.Kiper.Utils.csproj", "{7899B620-839A-4A5D-8152-7CD4C4BE14D8}"
EndProject
Project("{FAE04EC0-301F-11D3-BF4B-00C04F79EFBC}") = "DDona.Kiper.WebApi", "DDona.Kiper.WebApi\DDona.Kiper.WebApi.csproj", "{F77B1FCB-FC74-4554-87D1-875CD3C03EE7}"
EndProject
Global
	GlobalSection(SolutionConfigurationPlatforms) = preSolution
		Debug|Any CPU = Debug|Any CPU
		Release|Any CPU = Release|Any CPU
	EndGlobalSection
	GlobalSection(ProjectConfigurationPlatforms) = postSolution
		{1E6EC06C-5700-453D-88B9-8D6595BCDAD4}.Debug|Any CPU.ActiveCfg = Debug|Any CPU
		{1E6EC06C-5700-453D-88B9-8D6595BCDAD4}.Debug|Any CPU.Build.0 = Debug|Any CPU
		{1E6EC06C-5700-453D-88B9-8D6595BCDAD4}.Release|Any CPU.ActiveCfg = Release|Any CPU
		{1E6EC06C-5700-453D-88B9-8D6595BCDAD4}.Release|Any CPU.Build.0 = Release|Any CPU
		{B7DA1275-F8E8-4D78-98CD-A8786908A5D0}.Debug|Any CPU.ActiveCfg = Debug|Any CPU
		{B7DA1275-F8E8-4D78-98CD-A8786908A5D0}.Debug|Any CPU.Build.0 = Debug|Any CPU
		{B7DA1275-F8E8-4D78-98CD-A8786908A5D0}.Release|Any CPU.ActiveCfg = Release|Any CPU
		{B7DA1275-F8E8-4D78-98CD-A8786908A5D0}.Release|Any CPU.Build.0 = Release|Any CPU
		{37996B03-7B37-4263-B7D3-8BF85D71B62F}.Debug|Any CPU.ActiveCfg = Debug|Any CPU
		{37996B03-7B37-4263-B7D3-8BF85D71B62F}.Debug|Any CPU.Build.0 = Debug|Any CPU
		{37996B03-7B37-4263-B7D3-8BF85D71B62F}.Release|Any CPU.ActiveCfg = Release|Any CPU
		{37996B03-7B37-4263-B7D3-8BF85D71B62F}.Release|Any CPU.Build.0 = Release|Any CPU
		{7899B620-839A-4A5D-8152-7CD4C4BE14D8}.Debug|Any CPU.ActiveCfg = Debug|Any CPU
		{7899B620-839A-4A5D-8152-7CD4C4BE14D8}.Debug|Any CPU.Build.0 = Debug|Any CPU
		{7899B620-839A-4A5D-8152-7CD4C4BE14D8}.Release|Any CPU.ActiveCfg = Release|Any CPU
		{7899B620-839A-4A5D-8152-7CD4C4BE14D8}.Release|Any CPU.Build.0 = Release|Any CPU
		{F77B1FCB-FC74-4554-87D1-875CD3C03EE7}.Debug|Any CPU.ActiveCfg = Debug|Any CPU
		{F77B1FCB-FC74-4554-87D1-875CD3C03EE7}.Debug|Any CPU.Build.0 = Debug|Any CPU
		{F77B1FCB-FC74-4554-87D1-875CD3C03EE7}.Release|Any CPU.ActiveCfg = Release|Any CPU
		{F77B1FCB-FC74-4554-87D1-875CD3C03EE7}.Release|Any CPU.Build.0 = Release|Any CPU
	EndGlobalSection
	GlobalSection(SolutionProperties) = preSolution
		HideSolutionNode = FALSE
	EndGlobalSection
	GlobalSection(ExtensibilityGlobals) = postSolution
		SolutionGuid = {836EC088-B63F-40FB-B360-B3A0DB0C983B}
	EndGlobalSection
EndGlobal
